
Microsoft Visual Studio Solution File, Format Version 12.00
# Visual Studio Version 17
VisualStudioVersion = 17.9.34902.65
MinimumVisualStudioVersion = 10.0.40219.1
Project("{FAE04EC0-301F-11D3-BF4B-00C04F79EFBC}") = "MobileKoisk", "MobileKoisk\MobileKoisk.csproj", "{4ABABC76-C6B7-4DAC-B3DB-3403707B788E}"
EndProject
Global
	GlobalSection(SolutionConfigurationPlatforms) = preSolution
		Debug|Any CPU = Debug|Any CPU
		Release|Any CPU = Release|Any CPU
	EndGlobalSection
	GlobalSection(ProjectConfigurationPlatforms) = postSolution
		{4ABABC76-C6B7-4DAC-B3DB-3403707B788E}.Debug|Any CPU.ActiveCfg = Debug|Any CPU
		{4ABABC76-C6B7-4DAC-B3DB-3403707B788E}.Debug|Any CPU.Build.0 = Debug|Any CPU
		{4ABABC76-C6B7-4DAC-B3DB-3403707B788E}.Debug|Any CPU.Deploy.0 = Debug|Any CPU
		{4ABABC76-C6B7-4DAC-B3DB-3403707B788E}.Release|Any CPU.ActiveCfg = Release|Any CPU
		{4ABABC76-C6B7-4DAC-B3DB-3403707B788E}.Release|Any CPU.Build.0 = Release|Any CPU
		{4ABABC76-C6B7-4DAC-B3DB-3403707B788E}.Release|Any CPU.Deploy.0 = Release|Any CPU
	EndGlobalSection
	GlobalSection(SolutionProperties) = preSolution
		HideSolutionNode = FALSE
	EndGlobalSection
	GlobalSection(ExtensibilityGlobals) = postSolution
		SolutionGuid = {5F0E0831-6C65-4BC0-AF5F-7AEE999A88F2}
	EndGlobalSection
EndGlobal
